
Microsoft Visual Studio Solution File, Format Version 12.00
# Visual Studio 14
VisualStudioVersion = 14.0.25123.0
MinimumVisualStudioVersion = 10.0.40219.1
Project("{FAE04EC0-301F-11D3-BF4B-00C04F79EFBC}") = "SeleniumLib", "SeleniumLib\SeleniumLib.csproj", "{5D97FE68-E6CA-481F-91C5-29E45B060F4B}"
EndProject
Project("{FAE04EC0-301F-11D3-BF4B-00C04F79EFBC}") = "SeleniumLibTests", "SeleniumLibTests\SeleniumLibTests.csproj", "{585628E6-140C-41F8-832C-84E3627BF9FB}"
EndProject
Global
	GlobalSection(SolutionConfigurationPlatforms) = preSolution
		Debug|Any CPU = Debug|Any CPU
		Release|Any CPU = Release|Any CPU
	EndGlobalSection
	GlobalSection(ProjectConfigurationPlatforms) = postSolution
		{5D97FE68-E6CA-481F-91C5-29E45B060F4B}.Debug|Any CPU.ActiveCfg = Debug|Any CPU
		{5D97FE68-E6CA-481F-91C5-29E45B060F4B}.Debug|Any CPU.Build.0 = Debug|Any CPU
		{5D97FE68-E6CA-481F-91C5-29E45B060F4B}.Release|Any CPU.ActiveCfg = Release|Any CPU
		{5D97FE68-E6CA-481F-91C5-29E45B060F4B}.Release|Any CPU.Build.0 = Release|Any CPU
		{585628E6-140C-41F8-832C-84E3627BF9FB}.Debug|Any CPU.ActiveCfg = Debug|Any CPU
		{585628E6-140C-41F8-832C-84E3627BF9FB}.Debug|Any CPU.Build.0 = Debug|Any CPU
		{585628E6-140C-41F8-832C-84E3627BF9FB}.Release|Any CPU.ActiveCfg = Release|Any CPU
		{585628E6-140C-41F8-832C-84E3627BF9FB}.Release|Any CPU.Build.0 = Release|Any CPU
	EndGlobalSection
	GlobalSection(SolutionProperties) = preSolution
		HideSolutionNode = FALSE
	EndGlobalSection
EndGlobal
